
Microsoft Visual Studio Solution File, Format Version 12.00
# Visual Studio Version 17
VisualStudioVersion = 17.9.34616.47
MinimumVisualStudioVersion = 10.0.40219.1
Project("{9A19103F-16F7-4668-BE54-9A1E7A4F7556}") = "NetMemCache", "NetMemCache\NetMemCache.csproj", "{F6B2D67F-F0A5-4A12-8EC4-D4A7F7286C7D}"
EndProject
Project("{9A19103F-16F7-4668-BE54-9A1E7A4F7556}") = "NetMemCache.Tests", "NetMemCache.Tests\NetMemCache.Tests.csproj", "{99C0BAD9-C6BF-4C37-BB88-1598A8913638}"
EndProject
Project("{FAE04EC0-301F-11D3-BF4B-00C04F79EFBC}") = "NetMemCache.Umbraco", "NetMemCache.Umbraco\NetMemCache.Umbraco.csproj", "{0D3B0192-D59B-4807-9537-E0D05F2BD2D3}"
EndProject
Global
	GlobalSection(SolutionConfigurationPlatforms) = preSolution
		Debug|Any CPU = Debug|Any CPU
		Release|Any CPU = Release|Any CPU
	EndGlobalSection
	GlobalSection(ProjectConfigurationPlatforms) = postSolution
		{F6B2D67F-F0A5-4A12-8EC4-D4A7F7286C7D}.Debug|Any CPU.ActiveCfg = Debug|Any CPU
		{F6B2D67F-F0A5-4A12-8EC4-D4A7F7286C7D}.Debug|Any CPU.Build.0 = Debug|Any CPU
		{F6B2D67F-F0A5-4A12-8EC4-D4A7F7286C7D}.Release|Any CPU.ActiveCfg = Release|Any CPU
		{F6B2D67F-F0A5-4A12-8EC4-D4A7F7286C7D}.Release|Any CPU.Build.0 = Release|Any CPU
		{99C0BAD9-C6BF-4C37-BB88-1598A8913638}.Debug|Any CPU.ActiveCfg = Debug|Any CPU
		{99C0BAD9-C6BF-4C37-BB88-1598A8913638}.Debug|Any CPU.Build.0 = Debug|Any CPU
		{99C0BAD9-C6BF-4C37-BB88-1598A8913638}.Release|Any CPU.ActiveCfg = Release|Any CPU
		{99C0BAD9-C6BF-4C37-BB88-1598A8913638}.Release|Any CPU.Build.0 = Release|Any CPU
		{0D3B0192-D59B-4807-9537-E0D05F2BD2D3}.Debug|Any CPU.ActiveCfg = Debug|Any CPU
		{0D3B0192-D59B-4807-9537-E0D05F2BD2D3}.Debug|Any CPU.Build.0 = Debug|Any CPU
		{0D3B0192-D59B-4807-9537-E0D05F2BD2D3}.Release|Any CPU.ActiveCfg = Release|Any CPU
		{0D3B0192-D59B-4807-9537-E0D05F2BD2D3}.Release|Any CPU.Build.0 = Release|Any CPU
	EndGlobalSection
	GlobalSection(SolutionProperties) = preSolution
		HideSolutionNode = FALSE
	EndGlobalSection
	GlobalSection(ExtensibilityGlobals) = postSolution
		SolutionGuid = {E3BD58AD-19C1-452D-BCCE-71BC47409421}
	EndGlobalSection
EndGlobal
